// !$*UTF8*$!
{
	archiveVersion = 1;
	classes = {
	};
	objectVersion = 51;
	objects = {

/* Begin PBXBuildFile section */
		2DB7F9D3A16E26C4356605EA /* Pods_RocketApp.framework in Frameworks */ = {isa = PBXBuildFile; fileRef = 32117CA05DEAF2F95A18D3AE /* Pods_RocketApp.framework */; };
		88B8953A267DDE840015F376 /* AppDelegate.swift in Sources */ = {isa = PBXBuildFile; fileRef = 88B89539267DDE840015F376 /* AppDelegate.swift */; };
		88B8953C267DDE840015F376 /* SceneDelegate.swift in Sources */ = {isa = PBXBuildFile; fileRef = 88B8953B267DDE840015F376 /* SceneDelegate.swift */; };
		88B89544267DDE840015F376 /* RocketApp.xcdatamodeld in Sources */ = {isa = PBXBuildFile; fileRef = 88B89542267DDE840015F376 /* RocketApp.xcdatamodeld */; };
		88B89546267DDE860015F376 /* Assets.xcassets in Resources */ = {isa = PBXBuildFile; fileRef = 88B89545267DDE860015F376 /* Assets.xcassets */; };
		88B89549267DDE860015F376 /* LaunchScreen.storyboard in Resources */ = {isa = PBXBuildFile; fileRef = 88B89547267DDE860015F376 /* LaunchScreen.storyboard */; };
		88B89563267DE11D0015F376 /* Home.storyboard in Resources */ = {isa = PBXBuildFile; fileRef = 88B89562267DE11D0015F376 /* Home.storyboard */; };
		88B89566267DE1CF0015F376 /* Common.swift in Sources */ = {isa = PBXBuildFile; fileRef = 88B89565267DE1CF0015F376 /* Common.swift */; };
		88B89569267DE2440015F376 /* HomeViewController.swift in Sources */ = {isa = PBXBuildFile; fileRef = 88B89568267DE2440015F376 /* HomeViewController.swift */; };
/* End PBXBuildFile section */

/* Begin PBXFileReference section */
		32117CA05DEAF2F95A18D3AE /* Pods_RocketApp.framework */ = {isa = PBXFileReference; explicitFileType = wrapper.framework; includeInIndex = 0; path = Pods_RocketApp.framework; sourceTree = BUILT_PRODUCTS_DIR; };
		696F629F80C3E9A553ED9E8A /* Pods-RocketApp.debug.xcconfig */ = {isa = PBXFileReference; includeInIndex = 1; lastKnownFileType = text.xcconfig; name = "Pods-RocketApp.debug.xcconfig"; path = "Target Support Files/Pods-RocketApp/Pods-RocketApp.debug.xcconfig"; sourceTree = "<group>"; };
		7339565BE145AFB6038D0820 /* Pods-RocketApp.release.xcconfig */ = {isa = PBXFileReference; includeInIndex = 1; lastKnownFileType = text.xcconfig; name = "Pods-RocketApp.release.xcconfig"; path = "Target Support Files/Pods-RocketApp/Pods-RocketApp.release.xcconfig"; sourceTree = "<group>"; };
		88B89536267DDE840015F376 /* RocketApp.app */ = {isa = PBXFileReference; explicitFileType = wrapper.application; includeInIndex = 0; path = RocketApp.app; sourceTree = BUILT_PRODUCTS_DIR; };
		88B89539267DDE840015F376 /* AppDelegate.swift */ = {isa = PBXFileReference; lastKnownFileType = sourcecode.swift; path = AppDelegate.swift; sourceTree = "<group>"; };
		88B8953B267DDE840015F376 /* SceneDelegate.swift */ = {isa = PBXFileReference; lastKnownFileType = sourcecode.swift; path = SceneDelegate.swift; sourceTree = "<group>"; };
		88B89543267DDE840015F376 /* RocketApp.xcdatamodel */ = {isa = PBXFileReference; lastKnownFileType = wrapper.xcdatamodel; path = RocketApp.xcdatamodel; sourceTree = "<group>"; };
		88B89545267DDE860015F376 /* Assets.xcassets */ = {isa = PBXFileReference; lastKnownFileType = folder.assetcatalog; path = Assets.xcassets; sourceTree = "<group>"; };
		88B89548267DDE860015F376 /* Base */ = {isa = PBXFileReference; lastKnownFileType = file.storyboard; name = Base; path = Base.lproj/LaunchScreen.storyboard; sourceTree = "<group>"; };
		88B8954A267DDE860015F376 /* Info.plist */ = {isa = PBXFileReference; lastKnownFileType = text.plist.xml; path = Info.plist; sourceTree = "<group>"; };
		88B89562267DE11D0015F376 /* Home.storyboard */ = {isa = PBXFileReference; lastKnownFileType = file.storyboard; path = Home.storyboard; sourceTree = "<group>"; };
		88B89565267DE1CF0015F376 /* Common.swift */ = {isa = PBXFileReference; lastKnownFileType = sourcecode.swift; path = Common.swift; sourceTree = "<group>"; };
		88B89568267DE2440015F376 /* HomeViewController.swift */ = {isa = PBXFileReference; lastKnownFileType = sourcecode.swift; path = HomeViewController.swift; sourceTree = "<group>"; };
/* End PBXFileReference section */

/* Begin PBXFrameworksBuildPhase section */
		88B89533267DDE840015F376 /* Frameworks */ = {
			isa = PBXFrameworksBuildPhase;
			buildActionMask = 2147483647;
			files = (
				2DB7F9D3A16E26C4356605EA /* Pods_RocketApp.framework in Frameworks */,
			);
			runOnlyForDeploymentPostprocessing = 0;
		};
/* End PBXFrameworksBuildPhase section */

/* Begin PBXGroup section */
		1477183456D51BADA755508C /* Pods */ = {
			isa = PBXGroup;
			children = (
				696F629F80C3E9A553ED9E8A /* Pods-RocketApp.debug.xcconfig */,
				7339565BE145AFB6038D0820 /* Pods-RocketApp.release.xcconfig */,
			);
			path = Pods;
			sourceTree = "<group>";
		};
		5F29E9A281033B66AF9B6073 /* Frameworks */ = {
			isa = PBXGroup;
			children = (
				32117CA05DEAF2F95A18D3AE /* Pods_RocketApp.framework */,
			);
			name = Frameworks;
			sourceTree = "<group>";
		};
		88B8952D267DDE840015F376 = {
			isa = PBXGroup;
			children = (
				88B89538267DDE840015F376 /* RocketApp */,
				88B89537267DDE840015F376 /* Products */,
				1477183456D51BADA755508C /* Pods */,
				5F29E9A281033B66AF9B6073 /* Frameworks */,
			);
			sourceTree = "<group>";
		};
		88B89537267DDE840015F376 /* Products */ = {
			isa = PBXGroup;
			children = (
				88B89536267DDE840015F376 /* RocketApp.app */,
			);
			name = Products;
			sourceTree = "<group>";
		};
		88B89538267DDE840015F376 /* RocketApp */ = {
			isa = PBXGroup;
			children = (
				88B89553267DE0010015F376 /* Application */,
				88B89555267DE0400015F376 /* Common */,
				88B89556267DE04F0015F376 /* Models */,
				88B89557267DE0570015F376 /* Utilities */,
				88B8955B267DE0AD0015F376 /* Modules */,
				88B89558267DE0620015F376 /* NetworkLayer */,
				88B89559267DE06E0015F376 /* Error */,
				88B89554267DE0110015F376 /* Resources */,
				88B89542267DDE840015F376 /* RocketApp.xcdatamodeld */,
			);
			path = RocketApp;
			sourceTree = "<group>";
		};
		88B89553267DE0010015F376 /* Application */ = {
			isa = PBXGroup;
			children = (
				88B89539267DDE840015F376 /* AppDelegate.swift */,
				88B8953B267DDE840015F376 /* SceneDelegate.swift */,
			);
			path = Application;
			sourceTree = "<group>";
		};
		88B89554267DE0110015F376 /* Resources */ = {
			isa = PBXGroup;
			children = (
				88B89545267DDE860015F376 /* Assets.xcassets */,
				88B89547267DDE860015F376 /* LaunchScreen.storyboard */,
				88B8954A267DDE860015F376 /* Info.plist */,
			);
			path = Resources;
			sourceTree = "<group>";
		};
		88B89555267DE0400015F376 /* Common */ = {
			isa = PBXGroup;
			children = (
				88B89565267DE1CF0015F376 /* Common.swift */,
			);
			path = Common;
			sourceTree = "<group>";
		};
		88B89556267DE04F0015F376 /* Models */ = {
			isa = PBXGroup;
			children = (
			);
			path = Models;
			sourceTree = "<group>";
		};
		88B89557267DE0570015F376 /* Utilities */ = {
			isa = PBXGroup;
			children = (
			);
			path = Utilities;
			sourceTree = "<group>";
		};
		88B89558267DE0620015F376 /* NetworkLayer */ = {
			isa = PBXGroup;
			children = (
			);
			path = NetworkLayer;
			sourceTree = "<group>";
		};
		88B89559267DE06E0015F376 /* Error */ = {
			isa = PBXGroup;
			children = (
			);
			path = Error;
			sourceTree = "<group>";
		};
		88B8955B267DE0AD0015F376 /* Modules */ = {
			isa = PBXGroup;
			children = (
				88B8955C267DE0C80015F376 /* Home */,
			);
			path = Modules;
			sourceTree = "<group>";
		};
		88B8955C267DE0C80015F376 /* Home */ = {
			isa = PBXGroup;
			children = (
				88B89561267DE0F40015F376 /* StoryBoards */,
				88B89560267DE0E40015F376 /* ViewModels */,
				88B8955F267DE0DF0015F376 /* Views */,
				88B8955E267DE0D80015F376 /* Services */,
			);
			path = Home;
			sourceTree = "<group>";
		};
		88B8955E267DE0D80015F376 /* Services */ = {
			isa = PBXGroup;
			children = (
			);
			path = Services;
			sourceTree = "<group>";
		};
		88B8955F267DE0DF0015F376 /* Views */ = {
			isa = PBXGroup;
			children = (
				88B89568267DE2440015F376 /* HomeViewController.swift */,
			);
			path = Views;
			sourceTree = "<group>";
		};
		88B89560267DE0E40015F376 /* ViewModels */ = {
			isa = PBXGroup;
			children = (
			);
			path = ViewModels;
			sourceTree = "<group>";
		};
		88B89561267DE0F40015F376 /* StoryBoards */ = {
			isa = PBXGroup;
			children = (
				88B89562267DE11D0015F376 /* Home.storyboard */,
			);
			path = StoryBoards;
			sourceTree = "<group>";
		};
/* End PBXGroup section */

/* Begin PBXNativeTarget section */
		88B89535267DDE840015F376 /* RocketApp */ = {
			isa = PBXNativeTarget;
			buildConfigurationList = 88B8954D267DDE860015F376 /* Build configuration list for PBXNativeTarget "RocketApp" */;
			buildPhases = (
				3110D65223DBE82B2D7610C7 /* [CP] Check Pods Manifest.lock */,
				88B89532267DDE840015F376 /* Sources */,
				88B89533267DDE840015F376 /* Frameworks */,
				88B89534267DDE840015F376 /* Resources */,
				E232F6D2DD3287BCBE8D482A /* [CP] Embed Pods Frameworks */,
			);
			buildRules = (
			);
			dependencies = (
			);
			name = RocketApp;
			productName = RocketApp;
			productReference = 88B89536267DDE840015F376 /* RocketApp.app */;
			productType = "com.apple.product-type.application";
		};
/* End PBXNativeTarget section */

/* Begin PBXProject section */
		88B8952E267DDE840015F376 /* Project object */ = {
			isa = PBXProject;
			attributes = {
				LastSwiftUpdateCheck = 1200;
				LastUpgradeCheck = 1200;
				TargetAttributes = {
					88B89535267DDE840015F376 = {
						CreatedOnToolsVersion = 12.0.1;
					};
				};
			};
			buildConfigurationList = 88B89531267DDE840015F376 /* Build configuration list for PBXProject "RocketApp" */;
			compatibilityVersion = "Xcode 9.3";
			developmentRegion = en;
			hasScannedForEncodings = 0;
			knownRegions = (
				en,
				Base,
			);
			mainGroup = 88B8952D267DDE840015F376;
			productRefGroup = 88B89537267DDE840015F376 /* Products */;
			projectDirPath = "";
			projectRoot = "";
			targets = (
				88B89535267DDE840015F376 /* RocketApp */,
			);
		};
/* End PBXProject section */

/* Begin PBXResourcesBuildPhase section */
		88B89534267DDE840015F376 /* Resources */ = {
			isa = PBXResourcesBuildPhase;
			buildActionMask = 2147483647;
			files = (
				88B89563267DE11D0015F376 /* Home.storyboard in Resources */,
				88B89549267DDE860015F376 /* LaunchScreen.storyboard in Resources */,
				88B89546267DDE860015F376 /* Assets.xcassets in Resources */,
			);
			runOnlyForDeploymentPostprocessing = 0;
		};
/* End PBXResourcesBuildPhase section */

/* Begin PBXShellScriptBuildPhase section */
		3110D65223DBE82B2D7610C7 /* [CP] Check Pods Manifest.lock */ = {
			isa = PBXShellScriptBuildPhase;
			buildActionMask = 2147483647;
			files = (
			);
			inputFileListPaths = (
			);
			inputPaths = (
				"${PODS_PODFILE_DIR_PATH}/Podfile.lock",
				"${PODS_ROOT}/Manifest.lock",
			);
			name = "[CP] Check Pods Manifest.lock";
			outputFileListPaths = (
			);
			outputPaths = (
				"$(DERIVED_FILE_DIR)/Pods-RocketApp-checkManifestLockResult.txt",
			);
			runOnlyForDeploymentPostprocessing = 0;
			shellPath = /bin/sh;
			shellScript = "diff \"${PODS_PODFILE_DIR_PATH}/Podfile.lock\" \"${PODS_ROOT}/Manifest.lock\" > /dev/null\nif [ $? != 0 ] ; then\n    # print error to STDERR\n    echo \"error: The sandbox is not in sync with the Podfile.lock. Run 'pod install' or update your CocoaPods installation.\" >&2\n    exit 1\nfi\n# This output is used by Xcode 'outputs' to avoid re-running this script phase.\necho \"SUCCESS\" > \"${SCRIPT_OUTPUT_FILE_0}\"\n";
			showEnvVarsInLog = 0;
		};
		E232F6D2DD3287BCBE8D482A /* [CP] Embed Pods Frameworks */ = {
			isa = PBXShellScriptBuildPhase;
			buildActionMask = 2147483647;
			files = (
			);
			inputFileListPaths = (
				"${PODS_ROOT}/Target Support Files/Pods-RocketApp/Pods-RocketApp-frameworks-${CONFIGURATION}-input-files.xcfilelist",
			);
			name = "[CP] Embed Pods Frameworks";
			outputFileListPaths = (
				"${PODS_ROOT}/Target Support Files/Pods-RocketApp/Pods-RocketApp-frameworks-${CONFIGURATION}-output-files.xcfilelist",
			);
			runOnlyForDeploymentPostprocessing = 0;
			shellPath = /bin/sh;
			shellScript = "\"${PODS_ROOT}/Target Support Files/Pods-RocketApp/Pods-RocketApp-frameworks.sh\"\n";
			showEnvVarsInLog = 0;
		};
/* End PBXShellScriptBuildPhase section */

/* Begin PBXSourcesBuildPhase section */
		88B89532267DDE840015F376 /* Sources */ = {
			isa = PBXSourcesBuildPhase;
			buildActionMask = 2147483647;
			files = (
				88B89569267DE2440015F376 /* HomeViewController.swift in Sources */,
				88B89566267DE1CF0015F376 /* Common.swift in Sources */,
				88B8953A267DDE840015F376 /* AppDelegate.swift in Sources */,
				88B8953C267DDE840015F376 /* SceneDelegate.swift in Sources */,
				88B89544267DDE840015F376 /* RocketApp.xcdatamodeld in Sources */,
			);
			runOnlyForDeploymentPostprocessing = 0;
		};
/* End PBXSourcesBuildPhase section */

/* Begin PBXVariantGroup section */
		88B89547267DDE860015F376 /* LaunchScreen.storyboard */ = {
			isa = PBXVariantGroup;
			children = (
				88B89548267DDE860015F376 /* Base */,
			);
			name = LaunchScreen.storyboard;
			sourceTree = "<group>";
		};
/* End PBXVariantGroup section */

/* Begin XCBuildConfiguration section */
		88B8954B267DDE860015F376 /* Debug */ = {
			isa = XCBuildConfiguration;
			buildSettings = {
				ALWAYS_SEARCH_USER_PATHS = NO;
				CLANG_ANALYZER_NONNULL = YES;
				CLANG_ANALYZER_NUMBER_OBJECT_CONVERSION = YES_AGGRESSIVE;
				CLANG_CXX_LANGUAGE_STANDARD = "gnu++14";
				CLANG_CXX_LIBRARY = "libc++";
				CLANG_ENABLE_MODULES = YES;
				CLANG_ENABLE_OBJC_ARC = YES;
				CLANG_ENABLE_OBJC_WEAK = YES;
				CLANG_WARN_BLOCK_CAPTURE_AUTORELEASING = YES;
				CLANG_WARN_BOOL_CONVERSION = YES;
				CLANG_WARN_COMMA = YES;
				CLANG_WARN_CONSTANT_CONVERSION = YES;
				CLANG_WARN_DEPRECATED_OBJC_IMPLEMENTATIONS = YES;
				CLANG_WARN_DIRECT_OBJC_ISA_USAGE = YES_ERROR;
				CLANG_WARN_DOCUMENTATION_COMMENTS = YES;
				CLANG_WARN_EMPTY_BODY = YES;
				CLANG_WARN_ENUM_CONVERSION = YES;
				CLANG_WARN_INFINITE_RECURSION = YES;
				CLANG_WARN_INT_CONVERSION = YES;
				CLANG_WARN_NON_LITERAL_NULL_CONVERSION = YES;
				CLANG_WARN_OBJC_IMPLICIT_RETAIN_SELF = YES;
				CLANG_WARN_OBJC_LITERAL_CONVERSION = YES;
				CLANG_WARN_OBJC_ROOT_CLASS = YES_ERROR;
				CLANG_WARN_QUOTED_INCLUDE_IN_FRAMEWORK_HEADER = YES;
				CLANG_WARN_RANGE_LOOP_ANALYSIS = YES;
				CLANG_WARN_STRICT_PROTOTYPES = YES;
				CLANG_WARN_SUSPICIOUS_MOVE = YES;
				CLANG_WARN_UNGUARDED_AVAILABILITY = YES_AGGRESSIVE;
				CLANG_WARN_UNREACHABLE_CODE = YES;
				CLANG_WARN__DUPLICATE_METHOD_MATCH = YES;
				COPY_PHASE_STRIP = NO;
				DEBUG_INFORMATION_FORMAT = dwarf;
				ENABLE_STRICT_OBJC_MSGSEND = YES;
				ENABLE_TESTABILITY = YES;
				GCC_C_LANGUAGE_STANDARD = gnu11;
				GCC_DYNAMIC_NO_PIC = NO;
				GCC_NO_COMMON_BLOCKS = YES;
				GCC_OPTIMIZATION_LEVEL = 0;
				GCC_PREPROCESSOR_DEFINITIONS = (
					"DEBUG=1",
					"$(inherited)",
				);
				GCC_WARN_64_TO_32_BIT_CONVERSION = YES;
				GCC_WARN_ABOUT_RETURN_TYPE = YES_ERROR;
				GCC_WARN_UNDECLARED_SELECTOR = YES;
				GCC_WARN_UNINITIALIZED_AUTOS = YES_AGGRESSIVE;
				GCC_WARN_UNUSED_FUNCTION = YES;
				GCC_WARN_UNUSED_VARIABLE = YES;
				IPHONEOS_DEPLOYMENT_TARGET = 14.0;
				MTL_ENABLE_DEBUG_INFO = INCLUDE_SOURCE;
				MTL_FAST_MATH = YES;
				ONLY_ACTIVE_ARCH = YES;
				SDKROOT = iphoneos;
				SWIFT_ACTIVE_COMPILATION_CONDITIONS = DEBUG;
				SWIFT_OPTIMIZATION_LEVEL = "-Onone";
			};
			name = Debug;
		};
		88B8954C267DDE860015F376 /* Release */ = {
			isa = XCBuildConfiguration;
			buildSettings = {
				ALWAYS_SEARCH_USER_PATHS = NO;
				CLANG_ANALYZER_NONNULL = YES;
				CLANG_ANALYZER_NUMBER_OBJECT_CONVERSION = YES_AGGRESSIVE;
				CLANG_CXX_LANGUAGE_STANDARD = "gnu++14";
				CLANG_CXX_LIBRARY = "libc++";
				CLANG_ENABLE_MODULES = YES;
				CLANG_ENABLE_OBJC_ARC = YES;
				CLANG_ENABLE_OBJC_WEAK = YES;
				CLANG_WARN_BLOCK_CAPTURE_AUTORELEASING = YES;
				CLANG_WARN_BOOL_CONVERSION = YES;
				CLANG_WARN_COMMA = YES;
				CLANG_WARN_CONSTANT_CONVERSION = YES;
				CLANG_WARN_DEPRECATED_OBJC_IMPLEMENTATIONS = YES;
				CLANG_WARN_DIRECT_OBJC_ISA_USAGE = YES_ERROR;
				CLANG_WARN_DOCUMENTATION_COMMENTS = YES;
				CLANG_WARN_EMPTY_BODY = YES;
				CLANG_WARN_ENUM_CONVERSION = YES;
				CLANG_WARN_INFINITE_RECURSION = YES;
				CLANG_WARN_INT_CONVERSION = YES;
				CLANG_WARN_NON_LITERAL_NULL_CONVERSION = YES;
				CLANG_WARN_OBJC_IMPLICIT_RETAIN_SELF = YES;
				CLANG_WARN_OBJC_LITERAL_CONVERSION = YES;
				CLANG_WARN_OBJC_ROOT_CLASS = YES_ERROR;
				CLANG_WARN_QUOTED_INCLUDE_IN_FRAMEWORK_HEADER = YES;
				CLANG_WARN_RANGE_LOOP_ANALYSIS = YES;
				CLANG_WARN_STRICT_PROTOTYPES = YES;
				CLANG_WARN_SUSPICIOUS_MOVE = YES;
				CLANG_WARN_UNGUARDED_AVAILABILITY = YES_AGGRESSIVE;
				CLANG_WARN_UNREACHABLE_CODE = YES;
				CLANG_WARN__DUPLICATE_METHOD_MATCH = YES;
				COPY_PHASE_STRIP = NO;
				DEBUG_INFORMATION_FORMAT = "dwarf-with-dsym";
				ENABLE_NS_ASSERTIONS = NO;
				ENABLE_STRICT_OBJC_MSGSEND = YES;
				GCC_C_LANGUAGE_STANDARD = gnu11;
				GCC_NO_COMMON_BLOCKS = YES;
				GCC_WARN_64_TO_32_BIT_CONVERSION = YES;
				GCC_WARN_ABOUT_RETURN_TYPE = YES_ERROR;
				GCC_WARN_UNDECLARED_SELECTOR = YES;
				GCC_WARN_UNINITIALIZED_AUTOS = YES_AGGRESSIVE;
				GCC_WARN_UNUSED_FUNCTION = YES;
				GCC_WARN_UNUSED_VARIABLE = YES;
				IPHONEOS_DEPLOYMENT_TARGET = 14.0;
				MTL_ENABLE_DEBUG_INFO = NO;
				MTL_FAST_MATH = YES;
				SDKROOT = iphoneos;
				SWIFT_COMPILATION_MODE = wholemodule;
				SWIFT_OPTIMIZATION_LEVEL = "-O";
				VALIDATE_PRODUCT = YES;
			};
			name = Release;
		};
		88B8954E267DDE860015F376 /* Debug */ = {
			isa = XCBuildConfiguration;
			baseConfigurationReference = 696F629F80C3E9A553ED9E8A /* Pods-RocketApp.debug.xcconfig */;
			buildSettings = {
				ASSETCATALOG_COMPILER_APPICON_NAME = AppIcon;
				ASSETCATALOG_COMPILER_GLOBAL_ACCENT_COLOR_NAME = AccentColor;
				CODE_SIGN_STYLE = Automatic;
				DEVELOPMENT_TEAM = B5Y2MVNRXQ;
				INFOPLIST_FILE = "/Users/dhavaltrivedi/Documents/TF Projects/RocketApp/RocketApp/RocketApp/Resources/Info.plist";
				LD_RUNPATH_SEARCH_PATHS = (
					"$(inherited)",
					"@executable_path/Frameworks",
				);
				PRODUCT_BUNDLE_IDENTIFIER = Dhaval.trivedi.RocketApp;
				PRODUCT_NAME = "$(TARGET_NAME)";
				SWIFT_VERSION = 5.0;
				TARGETED_DEVICE_FAMILY = "1,2";
			};
			name = Debug;
		};
		88B8954F267DDE860015F376 /* Release */ = {
			isa = XCBuildConfiguration;
			baseConfigurationReference = 7339565BE145AFB6038D0820 /* Pods-RocketApp.release.xcconfig */;
			buildSettings = {
				ASSETCATALOG_COMPILER_APPICON_NAME = AppIcon;
				ASSETCATALOG_COMPILER_GLOBAL_ACCENT_COLOR_NAME = AccentColor;
				CODE_SIGN_STYLE = Automatic;
				DEVELOPMENT_TEAM = B5Y2MVNRXQ;
				INFOPLIST_FILE = "/Users/dhavaltrivedi/Documents/TF Projects/RocketApp/RocketApp/RocketApp/Resources/Info.plist";
				LD_RUNPATH_SEARCH_PATHS = (
					"$(inherited)",
					"@executable_path/Frameworks",
				);
				PRODUCT_BUNDLE_IDENTIFIER = Dhaval.trivedi.RocketApp;
				PRODUCT_NAME = "$(TARGET_NAME)";
				SWIFT_VERSION = 5.0;
				TARGETED_DEVICE_FAMILY = "1,2";
			};
			name = Release;
		};
/* End XCBuildConfiguration section */

/* Begin XCConfigurationList section */
		88B89531267DDE840015F376 /* Build configuration list for PBXProject "RocketApp" */ = {
			isa = XCConfigurationList;
			buildConfigurations = (
				88B8954B267DDE860015F376 /* Debug */,
				88B8954C267DDE860015F376 /* Release */,
			);
			defaultConfigurationIsVisible = 0;
			defaultConfigurationName = Release;
		};
		88B8954D267DDE860015F376 /* Build configuration list for PBXNativeTarget "RocketApp" */ = {
			isa = XCConfigurationList;
			buildConfigurations = (
				88B8954E267DDE860015F376 /* Debug */,
				88B8954F267DDE860015F376 /* Release */,
			);
			defaultConfigurationIsVisible = 0;
			defaultConfigurationName = Release;
		};
/* End XCConfigurationList section */

/* Begin XCVersionGroup section */
		88B89542267DDE840015F376 /* RocketApp.xcdatamodeld */ = {
			isa = XCVersionGroup;
			children = (
				88B89543267DDE840015F376 /* RocketApp.xcdatamodel */,
			);
			currentVersion = 88B89543267DDE840015F376 /* RocketApp.xcdatamodel */;
			path = RocketApp.xcdatamodeld;
			sourceTree = "<group>";
			versionGroupType = wrapper.xcdatamodel;
		};
/* End XCVersionGroup section */
	};
	rootObject = 88B8952E267DDE840015F376 /* Project object */;
}
